
Microsoft Visual Studio Solution File, Format Version 12.00
# Visual Studio 15
VisualStudioVersion = 15.0.26124.0
MinimumVisualStudioVersion = 15.0.26124.0
Project("{2150E333-8FDC-42A3-9474-1A3956D46DE8}") = "src", "src", "{DDD4132E-E50D-4B24-8B87-C6702C10EC6E}"
EndProject
Project("{FAE04EC0-301F-11D3-BF4B-00C04F79EFBC}") = "TopoMojo.Abstractions", "src\TopoMojo.Abstractions\TopoMojo.Abstractions.csproj", "{768429B1-1644-49DF-8A82-73FDE3630617}"
EndProject
Project("{FAE04EC0-301F-11D3-BF4B-00C04F79EFBC}") = "TopoMojo.Core", "src\TopoMojo.Core\TopoMojo.Core.csproj", "{478D92D7-5ED9-4A90-8DB7-6F20E68A211D}"
EndProject
Project("{FAE04EC0-301F-11D3-BF4B-00C04F79EFBC}") = "TopoMojo.vMock", "src\TopoMojo.vMock\TopoMojo.vMock.csproj", "{2FB4F3A6-9823-4A71-A10A-1DECC63E8F5A}"
EndProject
Project("{FAE04EC0-301F-11D3-BF4B-00C04F79EFBC}") = "TopoMojo.vSphere", "src\TopoMojo.vSphere\TopoMojo.vSphere.csproj", "{9430BE1D-C293-4FFD-B356-7422B40BAB0C}"
EndProject
Project("{FAE04EC0-301F-11D3-BF4B-00C04F79EFBC}") = "TopoMojo.Web", "src\TopoMojo.Web\TopoMojo.Web.csproj", "{C73292F5-0DA4-4573-84CD-792369E03BF5}"
EndProject
Project("{FAE04EC0-301F-11D3-BF4B-00C04F79EFBC}") = "Step.Accounts", "src\Step.Accounts\Step.Accounts.csproj", "{A3A8F2A4-0649-4CEC-8C04-A39FBA82D59A}"
EndProject
Project("{2150E333-8FDC-42A3-9474-1A3956D46DE8}") = "test", "test", "{0FC04D84-A007-47B1-B027-D8FC575884A2}"
EndProject
Project("{FAE04EC0-301F-11D3-BF4B-00C04F79EFBC}") = "Step.Accounts.Tests", "test\Step.Accounts.Tests\Step.Accounts.Tests.csproj", "{452AD8F0-0BC9-4DC9-87A9-11D34AE932E8}"
EndProject
Project("{FAE04EC0-301F-11D3-BF4B-00C04F79EFBC}") = "TopoMojo.Core.Tests", "test\TopoMojo.Core.Tests\TopoMojo.Core.Tests.csproj", "{3B916684-DCE9-4F88-B647-B1A39264100B}"
EndProject
Global
	GlobalSection(SolutionConfigurationPlatforms) = preSolution
		Debug|Any CPU = Debug|Any CPU
		Debug|x64 = Debug|x64
		Debug|x86 = Debug|x86
		Release|Any CPU = Release|Any CPU
		Release|x64 = Release|x64
		Release|x86 = Release|x86
	EndGlobalSection
	GlobalSection(SolutionProperties) = preSolution
		HideSolutionNode = FALSE
	EndGlobalSection
	GlobalSection(ProjectConfigurationPlatforms) = postSolution
		{768429B1-1644-49DF-8A82-73FDE3630617}.Debug|Any CPU.ActiveCfg = Debug|Any CPU
		{768429B1-1644-49DF-8A82-73FDE3630617}.Debug|Any CPU.Build.0 = Debug|Any CPU
		{768429B1-1644-49DF-8A82-73FDE3630617}.Debug|x64.ActiveCfg = Debug|x64
		{768429B1-1644-49DF-8A82-73FDE3630617}.Debug|x64.Build.0 = Debug|x64
		{768429B1-1644-49DF-8A82-73FDE3630617}.Debug|x86.ActiveCfg = Debug|x86
		{768429B1-1644-49DF-8A82-73FDE3630617}.Debug|x86.Build.0 = Debug|x86
		{768429B1-1644-49DF-8A82-73FDE3630617}.Release|Any CPU.ActiveCfg = Release|Any CPU
		{768429B1-1644-49DF-8A82-73FDE3630617}.Release|Any CPU.Build.0 = Release|Any CPU
		{768429B1-1644-49DF-8A82-73FDE3630617}.Release|x64.ActiveCfg = Release|x64
		{768429B1-1644-49DF-8A82-73FDE3630617}.Release|x64.Build.0 = Release|x64
		{768429B1-1644-49DF-8A82-73FDE3630617}.Release|x86.ActiveCfg = Release|x86
		{768429B1-1644-49DF-8A82-73FDE3630617}.Release|x86.Build.0 = Release|x86
		{478D92D7-5ED9-4A90-8DB7-6F20E68A211D}.Debug|Any CPU.ActiveCfg = Debug|Any CPU
		{478D92D7-5ED9-4A90-8DB7-6F20E68A211D}.Debug|Any CPU.Build.0 = Debug|Any CPU
		{478D92D7-5ED9-4A90-8DB7-6F20E68A211D}.Debug|x64.ActiveCfg = Debug|x64
		{478D92D7-5ED9-4A90-8DB7-6F20E68A211D}.Debug|x64.Build.0 = Debug|x64
		{478D92D7-5ED9-4A90-8DB7-6F20E68A211D}.Debug|x86.ActiveCfg = Debug|x86
		{478D92D7-5ED9-4A90-8DB7-6F20E68A211D}.Debug|x86.Build.0 = Debug|x86
		{478D92D7-5ED9-4A90-8DB7-6F20E68A211D}.Release|Any CPU.ActiveCfg = Release|Any CPU
		{478D92D7-5ED9-4A90-8DB7-6F20E68A211D}.Release|Any CPU.Build.0 = Release|Any CPU
		{478D92D7-5ED9-4A90-8DB7-6F20E68A211D}.Release|x64.ActiveCfg = Release|x64
		{478D92D7-5ED9-4A90-8DB7-6F20E68A211D}.Release|x64.Build.0 = Release|x64
		{478D92D7-5ED9-4A90-8DB7-6F20E68A211D}.Release|x86.ActiveCfg = Release|x86
		{478D92D7-5ED9-4A90-8DB7-6F20E68A211D}.Release|x86.Build.0 = Release|x86
		{2FB4F3A6-9823-4A71-A10A-1DECC63E8F5A}.Debug|Any CPU.ActiveCfg = Debug|Any CPU
		{2FB4F3A6-9823-4A71-A10A-1DECC63E8F5A}.Debug|Any CPU.Build.0 = Debug|Any CPU
		{2FB4F3A6-9823-4A71-A10A-1DECC63E8F5A}.Debug|x64.ActiveCfg = Debug|x64
		{2FB4F3A6-9823-4A71-A10A-1DECC63E8F5A}.Debug|x64.Build.0 = Debug|x64
		{2FB4F3A6-9823-4A71-A10A-1DECC63E8F5A}.Debug|x86.ActiveCfg = Debug|x86
		{2FB4F3A6-9823-4A71-A10A-1DECC63E8F5A}.Debug|x86.Build.0 = Debug|x86
		{2FB4F3A6-9823-4A71-A10A-1DECC63E8F5A}.Release|Any CPU.ActiveCfg = Release|Any CPU
		{2FB4F3A6-9823-4A71-A10A-1DECC63E8F5A}.Release|Any CPU.Build.0 = Release|Any CPU
		{2FB4F3A6-9823-4A71-A10A-1DECC63E8F5A}.Release|x64.ActiveCfg = Release|x64
		{2FB4F3A6-9823-4A71-A10A-1DECC63E8F5A}.Release|x64.Build.0 = Release|x64
		{2FB4F3A6-9823-4A71-A10A-1DECC63E8F5A}.Release|x86.ActiveCfg = Release|x86
		{2FB4F3A6-9823-4A71-A10A-1DECC63E8F5A}.Release|x86.Build.0 = Release|x86
		{9430BE1D-C293-4FFD-B356-7422B40BAB0C}.Debug|Any CPU.ActiveCfg = Debug|Any CPU
		{9430BE1D-C293-4FFD-B356-7422B40BAB0C}.Debug|Any CPU.Build.0 = Debug|Any CPU
		{9430BE1D-C293-4FFD-B356-7422B40BAB0C}.Debug|x64.ActiveCfg = Debug|x64
		{9430BE1D-C293-4FFD-B356-7422B40BAB0C}.Debug|x64.Build.0 = Debug|x64
		{9430BE1D-C293-4FFD-B356-7422B40BAB0C}.Debug|x86.ActiveCfg = Debug|x86
		{9430BE1D-C293-4FFD-B356-7422B40BAB0C}.Debug|x86.Build.0 = Debug|x86
		{9430BE1D-C293-4FFD-B356-7422B40BAB0C}.Release|Any CPU.ActiveCfg = Release|Any CPU
		{9430BE1D-C293-4FFD-B356-7422B40BAB0C}.Release|Any CPU.Build.0 = Release|Any CPU
		{9430BE1D-C293-4FFD-B356-7422B40BAB0C}.Release|x64.ActiveCfg = Release|x64
		{9430BE1D-C293-4FFD-B356-7422B40BAB0C}.Release|x64.Build.0 = Release|x64
		{9430BE1D-C293-4FFD-B356-7422B40BAB0C}.Release|x86.ActiveCfg = Release|x86
		{9430BE1D-C293-4FFD-B356-7422B40BAB0C}.Release|x86.Build.0 = Release|x86
		{C73292F5-0DA4-4573-84CD-792369E03BF5}.Debug|Any CPU.ActiveCfg = Debug|Any CPU
		{C73292F5-0DA4-4573-84CD-792369E03BF5}.Debug|Any CPU.Build.0 = Debug|Any CPU
		{C73292F5-0DA4-4573-84CD-792369E03BF5}.Debug|x64.ActiveCfg = Debug|x64
		{C73292F5-0DA4-4573-84CD-792369E03BF5}.Debug|x64.Build.0 = Debug|x64
		{C73292F5-0DA4-4573-84CD-792369E03BF5}.Debug|x86.ActiveCfg = Debug|x86
		{C73292F5-0DA4-4573-84CD-792369E03BF5}.Debug|x86.Build.0 = Debug|x86
		{C73292F5-0DA4-4573-84CD-792369E03BF5}.Release|Any CPU.ActiveCfg = Release|Any CPU
		{C73292F5-0DA4-4573-84CD-792369E03BF5}.Release|Any CPU.Build.0 = Release|Any CPU
		{C73292F5-0DA4-4573-84CD-792369E03BF5}.Release|x64.ActiveCfg = Release|x64
		{C73292F5-0DA4-4573-84CD-792369E03BF5}.Release|x64.Build.0 = Release|x64
		{C73292F5-0DA4-4573-84CD-792369E03BF5}.Release|x86.ActiveCfg = Release|x86
		{C73292F5-0DA4-4573-84CD-792369E03BF5}.Release|x86.Build.0 = Release|x86
		{A3A8F2A4-0649-4CEC-8C04-A39FBA82D59A}.Debug|Any CPU.ActiveCfg = Debug|Any CPU
		{A3A8F2A4-0649-4CEC-8C04-A39FBA82D59A}.Debug|Any CPU.Build.0 = Debug|Any CPU
		{A3A8F2A4-0649-4CEC-8C04-A39FBA82D59A}.Debug|x64.ActiveCfg = Debug|x64
		{A3A8F2A4-0649-4CEC-8C04-A39FBA82D59A}.Debug|x64.Build.0 = Debug|x64
		{A3A8F2A4-0649-4CEC-8C04-A39FBA82D59A}.Debug|x86.ActiveCfg = Debug|x86
		{A3A8F2A4-0649-4CEC-8C04-A39FBA82D59A}.Debug|x86.Build.0 = Debug|x86
		{A3A8F2A4-0649-4CEC-8C04-A39FBA82D59A}.Release|Any CPU.ActiveCfg = Release|Any CPU
		{A3A8F2A4-0649-4CEC-8C04-A39FBA82D59A}.Release|Any CPU.Build.0 = Release|Any CPU
		{A3A8F2A4-0649-4CEC-8C04-A39FBA82D59A}.Release|x64.ActiveCfg = Release|x64
		{A3A8F2A4-0649-4CEC-8C04-A39FBA82D59A}.Release|x64.Build.0 = Release|x64
		{A3A8F2A4-0649-4CEC-8C04-A39FBA82D59A}.Release|x86.ActiveCfg = Release|x86
		{A3A8F2A4-0649-4CEC-8C04-A39FBA82D59A}.Release|x86.Build.0 = Release|x86
		{452AD8F0-0BC9-4DC9-87A9-11D34AE932E8}.Debug|Any CPU.ActiveCfg = Debug|Any CPU
		{452AD8F0-0BC9-4DC9-87A9-11D34AE932E8}.Debug|Any CPU.Build.0 = Debug|Any CPU
		{452AD8F0-0BC9-4DC9-87A9-11D34AE932E8}.Debug|x64.ActiveCfg = Debug|x64
		{452AD8F0-0BC9-4DC9-87A9-11D34AE932E8}.Debug|x64.Build.0 = Debug|x64
		{452AD8F0-0BC9-4DC9-87A9-11D34AE932E8}.Debug|x86.ActiveCfg = Debug|x86
		{452AD8F0-0BC9-4DC9-87A9-11D34AE932E8}.Debug|x86.Build.0 = Debug|x86
		{452AD8F0-0BC9-4DC9-87A9-11D34AE932E8}.Release|Any CPU.ActiveCfg = Release|Any CPU
		{452AD8F0-0BC9-4DC9-87A9-11D34AE932E8}.Release|Any CPU.Build.0 = Release|Any CPU
		{452AD8F0-0BC9-4DC9-87A9-11D34AE932E8}.Release|x64.ActiveCfg = Release|x64
		{452AD8F0-0BC9-4DC9-87A9-11D34AE932E8}.Release|x64.Build.0 = Release|x64
		{452AD8F0-0BC9-4DC9-87A9-11D34AE932E8}.Release|x86.ActiveCfg = Release|x86
		{452AD8F0-0BC9-4DC9-87A9-11D34AE932E8}.Release|x86.Build.0 = Release|x86
		{3B916684-DCE9-4F88-B647-B1A39264100B}.Debug|Any CPU.ActiveCfg = Debug|Any CPU
		{3B916684-DCE9-4F88-B647-B1A39264100B}.Debug|Any CPU.Build.0 = Debug|Any CPU
		{3B916684-DCE9-4F88-B647-B1A39264100B}.Debug|x64.ActiveCfg = Debug|x64
		{3B916684-DCE9-4F88-B647-B1A39264100B}.Debug|x64.Build.0 = Debug|x64
		{3B916684-DCE9-4F88-B647-B1A39264100B}.Debug|x86.ActiveCfg = Debug|x86
		{3B916684-DCE9-4F88-B647-B1A39264100B}.Debug|x86.Build.0 = Debug|x86
		{3B916684-DCE9-4F88-B647-B1A39264100B}.Release|Any CPU.ActiveCfg = Release|Any CPU
		{3B916684-DCE9-4F88-B647-B1A39264100B}.Release|Any CPU.Build.0 = Release|Any CPU
		{3B916684-DCE9-4F88-B647-B1A39264100B}.Release|x64.ActiveCfg = Release|x64
		{3B916684-DCE9-4F88-B647-B1A39264100B}.Release|x64.Build.0 = Release|x64
		{3B916684-DCE9-4F88-B647-B1A39264100B}.Release|x86.ActiveCfg = Release|x86
		{3B916684-DCE9-4F88-B647-B1A39264100B}.Release|x86.Build.0 = Release|x86
	EndGlobalSection
	GlobalSection(NestedProjects) = preSolution
		{768429B1-1644-49DF-8A82-73FDE3630617} = {DDD4132E-E50D-4B24-8B87-C6702C10EC6E}
		{478D92D7-5ED9-4A90-8DB7-6F20E68A211D} = {DDD4132E-E50D-4B24-8B87-C6702C10EC6E}
		{2FB4F3A6-9823-4A71-A10A-1DECC63E8F5A} = {DDD4132E-E50D-4B24-8B87-C6702C10EC6E}
		{9430BE1D-C293-4FFD-B356-7422B40BAB0C} = {DDD4132E-E50D-4B24-8B87-C6702C10EC6E}
		{C73292F5-0DA4-4573-84CD-792369E03BF5} = {DDD4132E-E50D-4B24-8B87-C6702C10EC6E}
		{A3A8F2A4-0649-4CEC-8C04-A39FBA82D59A} = {DDD4132E-E50D-4B24-8B87-C6702C10EC6E}
		{452AD8F0-0BC9-4DC9-87A9-11D34AE932E8} = {0FC04D84-A007-47B1-B027-D8FC575884A2}
		{3B916684-DCE9-4F88-B647-B1A39264100B} = {0FC04D84-A007-47B1-B027-D8FC575884A2}
	EndGlobalSection
EndGlobal
